
Microsoft Visual Studio Solution File, Format Version 12.00
# Visual Studio 15
VisualStudioVersion = 15.0.28010.2036
MinimumVisualStudioVersion = 10.0.40219.1
Project("{FAE04EC0-301F-11D3-BF4B-00C04F79EFBC}") = "Eddie Pincay Math Quiz", "Eddie Pincay Math Quiz\Eddie Pincay Math Quiz.csproj", "{041FD8D6-CA4A-47E8-B195-B95EBF58617E}"
EndProject
Global
	GlobalSection(SolutionConfigurationPlatforms) = preSolution
		Debug|Any CPU = Debug|Any CPU
		Release|Any CPU = Release|Any CPU
	EndGlobalSection
	GlobalSection(ProjectConfigurationPlatforms) = postSolution
		{041FD8D6-CA4A-47E8-B195-B95EBF58617E}.Debug|Any CPU.ActiveCfg = Debug|Any CPU
		{041FD8D6-CA4A-47E8-B195-B95EBF58617E}.Debug|Any CPU.Build.0 = Debug|Any CPU
		{041FD8D6-CA4A-47E8-B195-B95EBF58617E}.Release|Any CPU.ActiveCfg = Release|Any CPU
		{041FD8D6-CA4A-47E8-B195-B95EBF58617E}.Release|Any CPU.Build.0 = Release|Any CPU
	EndGlobalSection
	GlobalSection(SolutionProperties) = preSolution
		HideSolutionNode = FALSE
	EndGlobalSection
	GlobalSection(ExtensibilityGlobals) = postSolution
		SolutionGuid = {C88BF300-595B-493F-8B84-9EC0C227125C}
	EndGlobalSection
EndGlobal
